
Microsoft Visual Studio Solution File, Format Version 12.00
# Visual Studio Version 16
VisualStudioVersion = 16.0.30225.117
MinimumVisualStudioVersion = 10.0.40219.1
Project("{FAE04EC0-301F-11D3-BF4B-00C04F79EFBC}") = "PknuWPF", "PknuWPF.csproj", "{42BD87B9-47A5-4B02-A1F7-E39D69106CD3}"
EndProject
Global
	GlobalSection(SolutionConfigurationPlatforms) = preSolution
		Debug|Any CPU = Debug|Any CPU
		Release|Any CPU = Release|Any CPU
	EndGlobalSection
	GlobalSection(ProjectConfigurationPlatforms) = postSolution
		{42BD87B9-47A5-4B02-A1F7-E39D69106CD3}.Debug|Any CPU.ActiveCfg = Debug|Any CPU
		{42BD87B9-47A5-4B02-A1F7-E39D69106CD3}.Debug|Any CPU.Build.0 = Debug|Any CPU
		{42BD87B9-47A5-4B02-A1F7-E39D69106CD3}.Release|Any CPU.ActiveCfg = Release|Any CPU
		{42BD87B9-47A5-4B02-A1F7-E39D69106CD3}.Release|Any CPU.Build.0 = Release|Any CPU
	EndGlobalSection
	GlobalSection(SolutionProperties) = preSolution
		HideSolutionNode = FALSE
	EndGlobalSection
	GlobalSection(ExtensibilityGlobals) = postSolution
		SolutionGuid = {C86EDBE8-DC0C-47DA-8C24-B97E5C038171}
	EndGlobalSection
EndGlobal
