
Microsoft Visual Studio Solution File, Format Version 12.00
# Visual Studio Version 16
VisualStudioVersion = 16.0.30225.117
MinimumVisualStudioVersion = 10.0.40219.1
Project("{FAE04EC0-301F-11D3-BF4B-00C04F79EFBC}") = "BasicChartApp", "BasicChartApp\BasicChartApp.csproj", "{3C9D8C50-BBB6-4FAA-93F8-D159790C5183}"
EndProject
Project("{FAE04EC0-301F-11D3-BF4B-00C04F79EFBC}") = "WinFormChartApp", "WinFormChartApp\WinFormChartApp.csproj", "{BE04E89F-0B2A-4033-95A7-65DA00F9311F}"
EndProject
Project("{FAE04EC0-301F-11D3-BF4B-00C04F79EFBC}") = "MvvmChartApp", "MvvmChartApp\MvvmChartApp.csproj", "{3CE72E87-AB5A-457A-B6C6-BA5FE93A31CB}"
EndProject
Project("{FAE04EC0-301F-11D3-BF4B-00C04F79EFBC}") = "BasicApp", "BasicApp\BasicApp.csproj", "{95C456E8-5639-41D9-BD07-20CA72BF2CF6}"
EndProject
Global
	GlobalSection(SolutionConfigurationPlatforms) = preSolution
		Debug|Any CPU = Debug|Any CPU
		Release|Any CPU = Release|Any CPU
	EndGlobalSection
	GlobalSection(ProjectConfigurationPlatforms) = postSolution
		{3C9D8C50-BBB6-4FAA-93F8-D159790C5183}.Debug|Any CPU.ActiveCfg = Debug|Any CPU
		{3C9D8C50-BBB6-4FAA-93F8-D159790C5183}.Debug|Any CPU.Build.0 = Debug|Any CPU
		{3C9D8C50-BBB6-4FAA-93F8-D159790C5183}.Release|Any CPU.ActiveCfg = Release|Any CPU
		{3C9D8C50-BBB6-4FAA-93F8-D159790C5183}.Release|Any CPU.Build.0 = Release|Any CPU
		{BE04E89F-0B2A-4033-95A7-65DA00F9311F}.Debug|Any CPU.ActiveCfg = Debug|Any CPU
		{BE04E89F-0B2A-4033-95A7-65DA00F9311F}.Debug|Any CPU.Build.0 = Debug|Any CPU
		{BE04E89F-0B2A-4033-95A7-65DA00F9311F}.Release|Any CPU.ActiveCfg = Release|Any CPU
		{BE04E89F-0B2A-4033-95A7-65DA00F9311F}.Release|Any CPU.Build.0 = Release|Any CPU
		{3CE72E87-AB5A-457A-B6C6-BA5FE93A31CB}.Debug|Any CPU.ActiveCfg = Debug|Any CPU
		{3CE72E87-AB5A-457A-B6C6-BA5FE93A31CB}.Debug|Any CPU.Build.0 = Debug|Any CPU
		{3CE72E87-AB5A-457A-B6C6-BA5FE93A31CB}.Release|Any CPU.ActiveCfg = Release|Any CPU
		{3CE72E87-AB5A-457A-B6C6-BA5FE93A31CB}.Release|Any CPU.Build.0 = Release|Any CPU
		{95C456E8-5639-41D9-BD07-20CA72BF2CF6}.Debug|Any CPU.ActiveCfg = Debug|Any CPU
		{95C456E8-5639-41D9-BD07-20CA72BF2CF6}.Debug|Any CPU.Build.0 = Debug|Any CPU
		{95C456E8-5639-41D9-BD07-20CA72BF2CF6}.Release|Any CPU.ActiveCfg = Release|Any CPU
		{95C456E8-5639-41D9-BD07-20CA72BF2CF6}.Release|Any CPU.Build.0 = Release|Any CPU
	EndGlobalSection
	GlobalSection(SolutionProperties) = preSolution
		HideSolutionNode = FALSE
	EndGlobalSection
	GlobalSection(ExtensibilityGlobals) = postSolution
		SolutionGuid = {F9F4DED8-6156-4B9A-8FC7-CFA910CF0159}
	EndGlobalSection
EndGlobal
