
Microsoft Visual Studio Solution File, Format Version 12.00
# Visual Studio Version 16
VisualStudioVersion = 16.0.30225.117
MinimumVisualStudioVersion = 10.0.40219.1
Project("{FAE04EC0-301F-11D3-BF4B-00C04F79EFBC}") = "WpfMvvmApp", "WpfMvvmApp.csproj", "{8A7B4DD7-20A8-4379-970B-1ADDC3A57519}"
EndProject
Global
	GlobalSection(SolutionConfigurationPlatforms) = preSolution
		Debug|Any CPU = Debug|Any CPU
		Release|Any CPU = Release|Any CPU
	EndGlobalSection
	GlobalSection(ProjectConfigurationPlatforms) = postSolution
		{8A7B4DD7-20A8-4379-970B-1ADDC3A57519}.Debug|Any CPU.ActiveCfg = Debug|Any CPU
		{8A7B4DD7-20A8-4379-970B-1ADDC3A57519}.Debug|Any CPU.Build.0 = Debug|Any CPU
		{8A7B4DD7-20A8-4379-970B-1ADDC3A57519}.Release|Any CPU.ActiveCfg = Release|Any CPU
		{8A7B4DD7-20A8-4379-970B-1ADDC3A57519}.Release|Any CPU.Build.0 = Release|Any CPU
	EndGlobalSection
	GlobalSection(SolutionProperties) = preSolution
		HideSolutionNode = FALSE
	EndGlobalSection
	GlobalSection(ExtensibilityGlobals) = postSolution
		SolutionGuid = {C439BB61-B2BF-48AA-9B01-5786060ED358}
	EndGlobalSection
EndGlobal
